
Microsoft Visual Studio Solution File, Format Version 12.00
# Visual Studio Version 17
VisualStudioVersion = 17.10.34928.147
MinimumVisualStudioVersion = 10.0.40219.1
Project("{FAE04EC0-301F-11D3-BF4B-00C04F79EFBC}") = "demo oob 3", "demo oob 3.csproj", "{D71AA11C-02D7-4C5E-AEAA-2F127BFE7B6E}"
EndProject
Global
	GlobalSection(SolutionConfigurationPlatforms) = preSolution
		Debug|Any CPU = Debug|Any CPU
		Release|Any CPU = Release|Any CPU
	EndGlobalSection
	GlobalSection(ProjectConfigurationPlatforms) = postSolution
		{D71AA11C-02D7-4C5E-AEAA-2F127BFE7B6E}.Debug|Any CPU.ActiveCfg = Debug|Any CPU
		{D71AA11C-02D7-4C5E-AEAA-2F127BFE7B6E}.Debug|Any CPU.Build.0 = Debug|Any CPU
		{D71AA11C-02D7-4C5E-AEAA-2F127BFE7B6E}.Release|Any CPU.ActiveCfg = Release|Any CPU
		{D71AA11C-02D7-4C5E-AEAA-2F127BFE7B6E}.Release|Any CPU.Build.0 = Release|Any CPU
	EndGlobalSection
	GlobalSection(SolutionProperties) = preSolution
		HideSolutionNode = FALSE
	EndGlobalSection
	GlobalSection(ExtensibilityGlobals) = postSolution
		SolutionGuid = {B5032E13-E80D-443A-B691-B096A9B09F37}
	EndGlobalSection
EndGlobal
